
Microsoft Visual Studio Solution File, Format Version 12.00
# Visual Studio Version 17
VisualStudioVersion = 17.12.35527.113 d17.12
MinimumVisualStudioVersion = 10.0.40219.1
Project("{FAE04EC0-301F-11D3-BF4B-00C04F79EFBC}") = "Csharp 读取txt练习", "Csharp 读取txt练习.csproj", "{8605EBB6-AC03-4C89-AA3C-8B92FE140B16}"
EndProject
Global
	GlobalSection(SolutionConfigurationPlatforms) = preSolution
		Debug|Any CPU = Debug|Any CPU
		Release|Any CPU = Release|Any CPU
	EndGlobalSection
	GlobalSection(ProjectConfigurationPlatforms) = postSolution
		{8605EBB6-AC03-4C89-AA3C-8B92FE140B16}.Debug|Any CPU.ActiveCfg = Debug|Any CPU
		{8605EBB6-AC03-4C89-AA3C-8B92FE140B16}.Debug|Any CPU.Build.0 = Debug|Any CPU
		{8605EBB6-AC03-4C89-AA3C-8B92FE140B16}.Release|Any CPU.ActiveCfg = Release|Any CPU
		{8605EBB6-AC03-4C89-AA3C-8B92FE140B16}.Release|Any CPU.Build.0 = Release|Any CPU
	EndGlobalSection
	GlobalSection(SolutionProperties) = preSolution
		HideSolutionNode = FALSE
	EndGlobalSection
EndGlobal
